
Microsoft Visual Studio Solution File, Format Version 12.00
# Visual Studio Version 17
VisualStudioVersion = 17.5.002.0
MinimumVisualStudioVersion = 10.0.40219.1
Project("{2150E333-8FDC-42A3-9474-1A3956D46DE8}") = "api", "api", "{503E76EC-3138-492D-8E50-2D46767C4124}"
EndProject
Project("{9A19103F-16F7-4668-BE54-9A1E7A4F7556}") = "UserService", "api\UserService\UserService.csproj", "{281FAD85-4996-4E39-B274-ACA0C032394A}"
EndProject
Global
	GlobalSection(SolutionConfigurationPlatforms) = preSolution
		Debug|Any CPU = Debug|Any CPU
		Release|Any CPU = Release|Any CPU
	EndGlobalSection
	GlobalSection(ProjectConfigurationPlatforms) = postSolution
		{281FAD85-4996-4E39-B274-ACA0C032394A}.Debug|Any CPU.ActiveCfg = Debug|Any CPU
		{281FAD85-4996-4E39-B274-ACA0C032394A}.Debug|Any CPU.Build.0 = Debug|Any CPU
		{281FAD85-4996-4E39-B274-ACA0C032394A}.Release|Any CPU.ActiveCfg = Release|Any CPU
		{281FAD85-4996-4E39-B274-ACA0C032394A}.Release|Any CPU.Build.0 = Release|Any CPU
	EndGlobalSection
	GlobalSection(SolutionProperties) = preSolution
		HideSolutionNode = FALSE
	EndGlobalSection
	GlobalSection(NestedProjects) = preSolution
		{281FAD85-4996-4E39-B274-ACA0C032394A} = {503E76EC-3138-492D-8E50-2D46767C4124}
	EndGlobalSection
	GlobalSection(ExtensibilityGlobals) = postSolution
		SolutionGuid = {AFBB22C2-EA67-4FEB-BD8F-B8D83A61BA25}
	EndGlobalSection
EndGlobal
